
Microsoft Visual Studio Solution File, Format Version 12.00
# Visual Studio Version 16
VisualStudioVersion = 16.0.29911.84
MinimumVisualStudioVersion = 10.0.40219.1
Project("{FAE04EC0-301F-11D3-BF4B-00C04F79EFBC}") = "GDN_Toolbox", "GDN_Toolbox\GDN_Toolbox.csproj", "{6154746D-171E-47C6-9796-4F5B98C10828}"
EndProject
Global
	GlobalSection(SolutionConfigurationPlatforms) = preSolution
		Debug|Any CPU = Debug|Any CPU
		Release|Any CPU = Release|Any CPU
	EndGlobalSection
	GlobalSection(ProjectConfigurationPlatforms) = postSolution
		{6154746D-171E-47C6-9796-4F5B98C10828}.Debug|Any CPU.ActiveCfg = Debug|Any CPU
		{6154746D-171E-47C6-9796-4F5B98C10828}.Debug|Any CPU.Build.0 = Debug|Any CPU
		{6154746D-171E-47C6-9796-4F5B98C10828}.Release|Any CPU.ActiveCfg = Release|Any CPU
		{6154746D-171E-47C6-9796-4F5B98C10828}.Release|Any CPU.Build.0 = Release|Any CPU
	EndGlobalSection
	GlobalSection(SolutionProperties) = preSolution
		HideSolutionNode = FALSE
	EndGlobalSection
	GlobalSection(ExtensibilityGlobals) = postSolution
		SolutionGuid = {94391BA4-1695-430D-974A-B19C1933DF5C}
	EndGlobalSection
EndGlobal
